{
  "requires": true,
  "lockfileVersion": 1,
  "dependencies": {
    "@firstandthird/complete": {
      "version": "https://registry.npmjs.org/@firstandthird/complete/-/complete-1.0.0-beta.12.tgz",
      "integrity": "sha1-L0Bmb1kcwThwbvsGvZkdvCULEXs=",
      "dev": true,
      "requires": {
        "bequest": "https://registry.npmjs.org/bequest/-/bequest-1.3.1.tgz",
        "domassist": "https://registry.npmjs.org/domassist/-/domassist-1.6.1.tgz",
        "domodule": "https://registry.npmjs.org/domodule/-/domodule-5.1.1.tgz",
        "tinybounce": "https://registry.npmjs.org/tinybounce/-/tinybounce-0.0.1.tgz"
      },
      "dependencies": {
        "domassist": {
          "version": "https://registry.npmjs.org/domassist/-/domassist-1.6.1.tgz",
          "integrity": "sha1-hmLx993GLl0e1o/asYx+NNCTfo0=",
          "dev": true
        }
      }
    },
    "ansi-regex": {
      "version": "2.1.1",
      "resolved": "https://registry.npmjs.org/ansi-regex/-/ansi-regex-2.1.1.tgz",
      "integrity": "sha1-w7M6te42DYbg5ijwRorn7yfWVN8="
    },
    "ansi-styles": {
      "version": "2.2.1",
      "resolved": "https://registry.npmjs.org/ansi-styles/-/ansi-styles-2.2.1.tgz",
      "integrity": "sha1-tDLdM1i2NM914eRmQ2gkBTPB3b4="
    },
    "argparse": {
      "version": "1.0.9",
      "resolved": "https://registry.npmjs.org/argparse/-/argparse-1.0.9.tgz",
      "integrity": "sha1-c9g7wmP4bpf4zE9rrhsOkKfSLIY=",
      "requires": {
        "sprintf-js": "1.0.3"
      }
    },
    "array-find-index": {
      "version": "1.0.2",
      "resolved": "https://registry.npmjs.org/array-find-index/-/array-find-index-1.0.2.tgz",
      "integrity": "sha1-3wEKoSh+Fku9pvlyOwqWoexBh6E="
    },
    "async": {
      "version": "2.5.0",
      "resolved": "https://registry.npmjs.org/async/-/async-2.5.0.tgz",
      "integrity": "sha512-e+lJAJeNWuPCNyxZKOBdaJGyLGHugXVQtrAwtuAe2vhxTYxFTKE73p8JuTmdH0qdQZtDvI4dhJwjZc5zsfIsYw==",
      "requires": {
        "lodash": "4.17.4"
      }
    },
    "attrobj": {
      "version": "https://registry.npmjs.org/attrobj/-/attrobj-1.2.0.tgz",
      "integrity": "sha1-pMDhJvBqoQ7HYXJ7d5IT11fee14=",
      "dev": true
    },
    "aug": {
      "version": "https://registry.npmjs.org/aug/-/aug-1.0.2.tgz",
      "integrity": "sha1-T4vM1qYN34+WwvWVvKV57uZSQ3U="
    },
    "balanced-match": {
      "version": "1.0.0",
      "resolved": "https://registry.npmjs.org/balanced-match/-/balanced-match-1.0.0.tgz",
      "integrity": "sha1-ibTRmasr7kneFk6gK4nORi1xt2c="
    },
    "bequest": {
      "version": "https://registry.npmjs.org/bequest/-/bequest-1.3.1.tgz",
      "integrity": "sha1-dbBNnpcicA457VGqx7Hh8pmzFQ8=",
      "dev": true
    },
    "boom": {
      "version": "5.2.0",
      "resolved": "https://registry.npmjs.org/boom/-/boom-5.2.0.tgz",
      "integrity": "sha512-Z5BTk6ZRe4tXXQlkqftmsAUANpXmuwlsF5Oov8ThoMbQRzdGTA1ngYRW160GexgOgjsFOKJz0LYhoNi+2AMBUw==",
      "requires": {
        "hoek": "4.2.0"
      }
    },
    "brace-expansion": {
      "version": "1.1.8",
      "resolved": "https://registry.npmjs.org/brace-expansion/-/brace-expansion-1.1.8.tgz",
      "integrity": "sha1-wHshHHyVLsH479Uad+8NHTmQopI=",
      "requires": {
        "balanced-match": "1.0.0",
        "concat-map": "0.0.1"
      }
    },
    "builtin-modules": {
      "version": "1.1.1",
      "resolved": "https://registry.npmjs.org/builtin-modules/-/builtin-modules-1.1.1.tgz",
      "integrity": "sha1-Jw8HbFpywC9bZaR9+Uxf46J4iS8="
    },
    "bytesize": {
      "version": "0.2.0",
      "resolved": "https://registry.npmjs.org/bytesize/-/bytesize-0.2.0.tgz",
      "integrity": "sha1-blSXYmGR8vvpdkWS0k6Tpyz5lMU=",
      "requires": {
        "humanize": "0.0.7"
      }
    },
    "camelcase": {
      "version": "2.1.1",
      "resolved": "https://registry.npmjs.org/camelcase/-/camelcase-2.1.1.tgz",
      "integrity": "sha1-fB0W1nmhu+WcoCys7PsBHiAfWh8="
    },
    "camelcase-keys": {
      "version": "2.1.0",
      "resolved": "https://registry.npmjs.org/camelcase-keys/-/camelcase-keys-2.1.0.tgz",
      "integrity": "sha1-MIvur/3ygRkFHvodkyITyRuPkuc=",
      "requires": {
        "camelcase": "2.1.1",
        "map-obj": "1.0.1"
      }
    },
    "chalk": {
      "version": "1.1.3",
      "resolved": "https://registry.npmjs.org/chalk/-/chalk-1.1.3.tgz",
      "integrity": "sha1-qBFcVeSnAv5NFQq9OHKCKn4J/Jg=",
      "requires": {
        "ansi-styles": "2.2.1",
        "escape-string-regexp": "1.0.5",
        "has-ansi": "2.0.0",
        "strip-ansi": "3.0.1",
        "supports-color": "2.0.0"
      }
    },
    "cliui": {
      "version": "3.2.0",
      "resolved": "https://registry.npmjs.org/cliui/-/cliui-3.2.0.tgz",
      "integrity": "sha1-EgYBU3qRbSmUD5NNo7SNWFo5IT0=",
      "requires": {
        "string-width": "1.0.2",
        "strip-ansi": "3.0.1",
        "wrap-ansi": "2.1.0"
      },
      "dependencies": {
        "is-fullwidth-code-point": {
          "version": "1.0.0",
          "resolved": "https://registry.npmjs.org/is-fullwidth-code-point/-/is-fullwidth-code-point-1.0.0.tgz",
          "integrity": "sha1-754xOG8DGn8NZDr4L95QxFfvAMs=",
          "requires": {
            "number-is-nan": "1.0.1"
          }
        },
        "string-width": {
          "version": "1.0.2",
          "resolved": "https://registry.npmjs.org/string-width/-/string-width-1.0.2.tgz",
          "integrity": "sha1-EYvfW4zcUaKn5w0hHgfisLmxB9M=",
          "requires": {
            "code-point-at": "1.1.0",
            "is-fullwidth-code-point": "1.0.0",
            "strip-ansi": "3.0.1"
          }
        }
      }
    },
    "code-point-at": {
      "version": "1.1.0",
      "resolved": "https://registry.npmjs.org/code-point-at/-/code-point-at-1.1.0.tgz",
      "integrity": "sha1-DQcLTQQ6W+ozovGkDi7bPZpMz3c="
    },
    "codemirror": {
      "version": "https://registry.npmjs.org/codemirror/-/codemirror-5.24.2.tgz",
      "integrity": "sha1-tVypUPoAlwnDffaOsTMxDtic8v4=",
      "dev": true
    },
    "concat-map": {
      "version": "0.0.1",
      "resolved": "https://registry.npmjs.org/concat-map/-/concat-map-0.0.1.tgz",
      "integrity": "sha1-2Klr13/Wjfd5OnMDajug1UBdR3s="
    },
    "confi": {
      "version": "6.1.1",
      "resolved": "https://registry.npmjs.org/confi/-/confi-6.1.1.tgz",
      "integrity": "sha512-RTw5M0D6iP2Dgn4aSNIO2xF2gy26bo5h/9CpOtaDCA5zpnw42wDDngshxd/IRE+cS/DzHgkbMgL63ohPkXlBrw==",
      "requires": {
        "async": "2.5.0",
        "aug": "https://registry.npmjs.org/aug/-/aug-1.0.2.tgz",
        "envload": "0.1.0",
        "js-yaml": "3.10.0",
        "parse-dir": "2.0.0",
        "varson": "0.5.3",
        "wreck": "12.5.0"
      }
    },
    "currently-unhandled": {
      "version": "0.4.1",
      "resolved": "https://registry.npmjs.org/currently-unhandled/-/currently-unhandled-0.4.1.tgz",
      "integrity": "sha1-mI3zP+qxke95mmE2nddsF635V+o=",
      "requires": {
        "array-find-index": "1.0.2"
      }
    },
    "decamelize": {
      "version": "1.2.0",
      "resolved": "https://registry.npmjs.org/decamelize/-/decamelize-1.2.0.tgz",
      "integrity": "sha1-9lNNFRSCabIDUue+4m9QH5oZEpA="
    },
    "domassist": {
      "version": "https://registry.npmjs.org/domassist/-/domassist-1.7.1.tgz",
      "integrity": "sha1-PG54Ywq02rKzGY9FVN7/WH10+VU=",
      "dev": true
    },
    "domodule": {
      "version": "https://registry.npmjs.org/domodule/-/domodule-5.1.1.tgz",
      "integrity": "sha1-0YxT2Os07wVBaRuyns1Zs0/N9AI=",
      "dev": true,
      "requires": {
        "attrobj": "https://registry.npmjs.org/attrobj/-/attrobj-1.2.0.tgz",
        "aug": "https://registry.npmjs.org/aug/-/aug-1.0.2.tgz",
        "domassist": "https://registry.npmjs.org/domassist/-/domassist-1.6.0.tgz"
      },
      "dependencies": {
        "domassist": {
          "version": "https://registry.npmjs.org/domassist/-/domassist-1.6.0.tgz",
          "integrity": "sha1-hRkc1QkOMhd+iAbQgRLByo6Hah8=",
          "dev": true
        }
      }
    },
    "envload": {
      "version": "0.1.0",
      "resolved": "https://registry.npmjs.org/envload/-/envload-0.1.0.tgz",
      "integrity": "sha1-tcNzWzQVrQOeJZzYCZgNBDpvdFU=",
      "requires": {
        "lodash.camelcase": "4.3.0",
        "lodash.merge": "4.6.0",
        "lodash.set": "4.3.2"
      }
    },
    "error-ex": {
      "version": "1.3.1",
      "resolved": "https://registry.npmjs.org/error-ex/-/error-ex-1.3.1.tgz",
      "integrity": "sha1-+FWobOYa3E6GIcPNoh56dhLDqNw=",
      "requires": {
        "is-arrayish": "0.2.1"
      }
    },
    "escape-string-regexp": {
      "version": "1.0.5",
      "resolved": "https://registry.npmjs.org/escape-string-regexp/-/escape-string-regexp-1.0.5.tgz",
      "integrity": "sha1-G2HAViGQqN/2rjuyzwIAyhMLhtQ="
    },
    "esprima": {
      "version": "4.0.0",
      "resolved": "https://registry.npmjs.org/esprima/-/esprima-4.0.0.tgz",
      "integrity": "sha512-oftTcaMu/EGrEIu904mWteKIv8vMuOgGYo7EhVJJN00R/EED9DCua/xxHRdYnKtcECzVg7xOWhflvJMnqcFZjw=="
    },
    "eventemitter3": {
      "version": "2.0.3",
      "resolved": "https://registry.npmjs.org/eventemitter3/-/eventemitter3-2.0.3.tgz",
      "integrity": "sha1-teEHm1n7XhuidxwKmTvgYKWMmbo="
    },
    "find-up": {
      "version": "1.1.2",
      "resolved": "https://registry.npmjs.org/find-up/-/find-up-1.1.2.tgz",
      "integrity": "sha1-ay6YIrGizgpgq2TWEOzK1TyyTQ8=",
      "requires": {
        "path-exists": "2.1.0",
        "pinkie-promise": "2.0.1"
      }
    },
    "fmt-obj": {
      "version": "1.3.0",
      "resolved": "https://registry.npmjs.org/fmt-obj/-/fmt-obj-1.3.0.tgz",
      "integrity": "sha1-oYVI331lJ7Rf/mKFU085OdHBubk=",
      "requires": {
        "chalk": "1.1.3",
        "longest": "1.0.1",
        "lpad-align": "1.1.2",
        "tsml": "1.0.1"
      }
    },
    "fs.realpath": {
      "version": "1.0.0",
      "resolved": "https://registry.npmjs.org/fs.realpath/-/fs.realpath-1.0.0.tgz",
      "integrity": "sha1-FQStJSMVjKpA20onh8sBQRmU6k8="
    },
    "get-caller-file": {
      "version": "1.0.2",
      "resolved": "https://registry.npmjs.org/get-caller-file/-/get-caller-file-1.0.2.tgz",
      "integrity": "sha1-9wLmMSfn4jHBYKgMFVSstw1QR+U="
    },
    "get-stdin": {
      "version": "4.0.1",
      "resolved": "https://registry.npmjs.org/get-stdin/-/get-stdin-4.0.1.tgz",
      "integrity": "sha1-uWjGsKBDhDJJAui/Gl3zJXmkUP4="
    },
    "glob": {
      "version": "7.1.2",
      "resolved": "https://registry.npmjs.org/glob/-/glob-7.1.2.tgz",
      "integrity": "sha512-MJTUg1kjuLeQCJ+ccE4Vpa6kKVXkPYJ2mOCQyUuKLcLQsdrMCpBPUi8qVE6+YuaJkozeA9NusTAw3hLr8Xe5EQ==",
      "requires": {
        "fs.realpath": "1.0.0",
        "inflight": "1.0.6",
        "inherits": "2.0.3",
        "minimatch": "3.0.4",
        "once": "1.4.0",
        "path-is-absolute": "1.0.1"
      }
    },
    "graceful-fs": {
      "version": "4.1.11",
      "resolved": "https://registry.npmjs.org/graceful-fs/-/graceful-fs-4.1.11.tgz",
      "integrity": "sha1-Dovf5NHduIVNZOBOp8AOKgJuVlg="
    },
    "has-ansi": {
      "version": "2.0.0",
      "resolved": "https://registry.npmjs.org/has-ansi/-/has-ansi-2.0.0.tgz",
      "integrity": "sha1-NPUEnOHs3ysGSa8+8k5F7TVBbZE=",
      "requires": {
        "ansi-regex": "2.1.1"
      }
    },
    "has-color": {
      "version": "0.1.7",
      "resolved": "https://registry.npmjs.org/has-color/-/has-color-0.1.7.tgz",
      "integrity": "sha1-ZxRKUmDDT8PMpnfQQdr1L+e3iy8="
    },
    "hoek": {
      "version": "4.2.0",
      "resolved": "https://registry.npmjs.org/hoek/-/hoek-4.2.0.tgz",
      "integrity": "sha512-v0XCLxICi9nPfYrS9RL8HbYnXi9obYAeLbSP00BmnZwCK9+Ih9WOjoZ8YoHCoav2csqn4FOz4Orldsy2dmDwmQ=="
    },
    "hosted-git-info": {
      "version": "2.5.0",
      "resolved": "https://registry.npmjs.org/hosted-git-info/-/hosted-git-info-2.5.0.tgz",
      "integrity": "sha512-pNgbURSuab90KbTqvRPsseaTxOJCZBD0a7t+haSN33piP9cCM4l0CqdzAif2hUqm716UovKB2ROmiabGAKVXyg=="
    },
    "humanize": {
      "version": "0.0.7",
      "resolved": "https://registry.npmjs.org/humanize/-/humanize-0.0.7.tgz",
      "integrity": "sha1-Nx/FThqNNh6ou0DkcH5aCrR0E7M="
    },
    "indent-string": {
      "version": "2.1.0",
      "resolved": "https://registry.npmjs.org/indent-string/-/indent-string-2.1.0.tgz",
      "integrity": "sha1-ji1INIdCEhtKghi3oTfppSBJ3IA=",
      "requires": {
        "repeating": "2.0.1"
      },
      "dependencies": {
        "repeating": {
          "version": "2.0.1",
          "resolved": "https://registry.npmjs.org/repeating/-/repeating-2.0.1.tgz",
          "integrity": "sha1-UhTFOpJtNVJwdSf7q0FdvAjQbdo=",
          "requires": {
            "is-finite": "1.0.2"
          }
        }
      }
    },
    "inflight": {
      "version": "1.0.6",
      "resolved": "https://registry.npmjs.org/inflight/-/inflight-1.0.6.tgz",
      "integrity": "sha1-Sb1jMdfQLQwJvJEKEHW6gWW1bfk=",
      "requires": {
        "once": "1.4.0",
        "wrappy": "1.0.2"
      }
    },
    "inherits": {
      "version": "2.0.3",
      "resolved": "https://registry.npmjs.org/inherits/-/inherits-2.0.3.tgz",
      "integrity": "sha1-Yzwsg+PaQqUC9SRmAiSA9CCCYd4="
    },
    "invert-kv": {
      "version": "1.0.0",
      "resolved": "https://registry.npmjs.org/invert-kv/-/invert-kv-1.0.0.tgz",
      "integrity": "sha1-EEqOSqym09jNFXqO+L+rLXo//bY="
    },
    "is-arrayish": {
      "version": "0.2.1",
      "resolved": "https://registry.npmjs.org/is-arrayish/-/is-arrayish-0.2.1.tgz",
      "integrity": "sha1-d8mYQFJ6qOyxqLppe4BkWnqSap0="
    },
    "is-builtin-module": {
      "version": "1.0.0",
      "resolved": "https://registry.npmjs.org/is-builtin-module/-/is-builtin-module-1.0.0.tgz",
      "integrity": "sha1-VAVy0096wxGfj3bDDLwbHgN6/74=",
      "requires": {
        "builtin-modules": "1.1.1"
      }
    },
    "is-finite": {
      "version": "1.0.2",
      "resolved": "https://registry.npmjs.org/is-finite/-/is-finite-1.0.2.tgz",
      "integrity": "sha1-zGZ3aVYCvlUO8R6LSqYwU0K20Ko=",
      "requires": {
        "number-is-nan": "1.0.1"
      }
    },
    "is-fullwidth-code-point": {
      "version": "2.0.0",
      "resolved": "https://registry.npmjs.org/is-fullwidth-code-point/-/is-fullwidth-code-point-2.0.0.tgz",
      "integrity": "sha1-o7MKXE8ZkYMWeqq5O+764937ZU8="
    },
    "is-utf8": {
      "version": "0.2.1",
      "resolved": "https://registry.npmjs.org/is-utf8/-/is-utf8-0.2.1.tgz",
      "integrity": "sha1-Sw2hRCEE0bM2NA6AeX6GXPOffXI="
    },
    "isemail": {
      "version": "1.2.0",
      "resolved": "https://registry.npmjs.org/isemail/-/isemail-1.2.0.tgz",
      "integrity": "sha1-vgPfjMPineTSxd9lASY/H6RZXpo="
    },
    "joi": {
      "version": "6.10.1",
      "resolved": "https://registry.npmjs.org/joi/-/joi-6.10.1.tgz",
      "integrity": "sha1-TVDDGAeRIgAP5fFq8f+OGRe3fgY=",
      "requires": {
        "hoek": "2.16.3",
        "isemail": "1.2.0",
        "moment": "2.18.1",
        "topo": "1.1.0"
      },
      "dependencies": {
        "hoek": {
          "version": "2.16.3",
          "resolved": "https://registry.npmjs.org/hoek/-/hoek-2.16.3.tgz",
          "integrity": "sha1-ILt0A9POo5jpHcRxCo/xuCdKJe0="
        }
      }
    },
    "js-yaml": {
      "version": "3.10.0",
      "resolved": "https://registry.npmjs.org/js-yaml/-/js-yaml-3.10.0.tgz",
      "integrity": "sha512-O2v52ffjLa9VeM43J4XocZE//WT9N0IiwDa3KSHH7Tu8CtH+1qM8SIZvnsTh6v+4yFy5KUY3BHUVwjpfAWsjIA==",
      "requires": {
        "argparse": "1.0.9",
        "esprima": "4.0.0"
      }
    },
    "lcid": {
      "version": "1.0.0",
      "resolved": "https://registry.npmjs.org/lcid/-/lcid-1.0.0.tgz",
      "integrity": "sha1-MIrMr6C8SDo4Z7S28rlQYlHRuDU=",
      "requires": {
        "invert-kv": "1.0.0"
      }
    },
    "load-json-file": {
      "version": "1.1.0",
      "resolved": "https://registry.npmjs.org/load-json-file/-/load-json-file-1.1.0.tgz",
      "integrity": "sha1-lWkFcI1YtLq0wiYbBPWfMcmTdMA=",
      "requires": {
        "graceful-fs": "4.1.11",
        "parse-json": "2.2.0",
        "pify": "2.3.0",
        "pinkie-promise": "2.0.1",
        "strip-bom": "2.0.0"
      }
    },
    "lodash": {
      "version": "4.17.4",
      "resolved": "https://registry.npmjs.org/lodash/-/lodash-4.17.4.tgz",
      "integrity": "sha1-eCA6TRwyiuHYbcpkYONptX9AVa4="
    },
    "lodash.camelcase": {
      "version": "4.3.0",
      "resolved": "https://registry.npmjs.org/lodash.camelcase/-/lodash.camelcase-4.3.0.tgz",
      "integrity": "sha1-soqmKIorn8ZRA1x3EfZathkDMaY="
    },
    "lodash.intersection": {
      "version": "4.4.0",
      "resolved": "https://registry.npmjs.org/lodash.intersection/-/lodash.intersection-4.4.0.tgz",
      "integrity": "sha1-ChG6Yx0OlcI8fy9Mu5ppLtF45wU="
    },
    "lodash.merge": {
      "version": "4.6.0",
      "resolved": "https://registry.npmjs.org/lodash.merge/-/lodash.merge-4.6.0.tgz",
      "integrity": "sha1-aYhLoUSsM/5plzemCG3v+t0PicU="
    },
    "lodash.set": {
      "version": "4.3.2",
      "resolved": "https://registry.npmjs.org/lodash.set/-/lodash.set-4.3.2.tgz",
      "integrity": "sha1-2HV7HagH3eJIFrDWqEvqGnYjCyM="
    },
    "logr": {
      "version": "2.4.0",
      "resolved": "https://registry.npmjs.org/logr/-/logr-2.4.0.tgz",
      "integrity": "sha1-qwhts4KhCN7Q3obZxXuhknt9suI=",
      "requires": {
        "aug": "https://registry.npmjs.org/aug/-/aug-1.0.2.tgz",
        "lodash.intersection": "4.4.0"
      }
    },
    "logr-cli-fancy": {
      "version": "0.2.0",
      "resolved": "https://registry.npmjs.org/logr-cli-fancy/-/logr-cli-fancy-0.2.0.tgz",
      "integrity": "sha1-XnesFU3eEM8Dnxw0fPjShNLssko=",
      "requires": {
        "chalk": "1.1.3",
        "fmt-obj": "1.3.0",
        "repeating": "3.0.0",
        "string-width": "2.1.1",
        "text-table": "0.2.0"
      }
    },
    "logr-reporter-bell": {
      "version": "0.0.1",
      "resolved": "https://registry.npmjs.org/logr-reporter-bell/-/logr-reporter-bell-0.0.1.tgz",
      "integrity": "sha1-b/BxiD4zQmIPg092SLxpZwDFIH0="
    },
    "longest": {
      "version": "1.0.1",
      "resolved": "https://registry.npmjs.org/longest/-/longest-1.0.1.tgz",
      "integrity": "sha1-MKCy2jj3N3DoKUoNIuZiXtd9AJc="
    },
    "loud-rejection": {
      "version": "1.6.0",
      "resolved": "https://registry.npmjs.org/loud-rejection/-/loud-rejection-1.6.0.tgz",
      "integrity": "sha1-W0b4AUft7leIcPCG0Eghz5mOVR8=",
      "requires": {
        "currently-unhandled": "0.4.1",
        "signal-exit": "3.0.2"
      }
    },
    "lpad-align": {
      "version": "1.1.2",
      "resolved": "https://registry.npmjs.org/lpad-align/-/lpad-align-1.1.2.tgz",
      "integrity": "sha1-IfYArBwwlcPG5JfuZyce4ISB/p4=",
      "requires": {
        "get-stdin": "4.0.1",
        "indent-string": "2.1.0",
        "longest": "1.0.1",
        "meow": "3.7.0"
      }
    },
    "map-obj": {
      "version": "1.0.1",
      "resolved": "https://registry.npmjs.org/map-obj/-/map-obj-1.0.1.tgz",
      "integrity": "sha1-2TPOuSBdgr3PSIb2dCvcK03qFG0="
    },
    "meow": {
      "version": "3.7.0",
      "resolved": "https://registry.npmjs.org/meow/-/meow-3.7.0.tgz",
      "integrity": "sha1-cstmi0JSKCkKu/qFaJJYcwioAfs=",
      "requires": {
        "camelcase-keys": "2.1.0",
        "decamelize": "1.2.0",
        "loud-rejection": "1.6.0",
        "map-obj": "1.0.1",
        "minimist": "1.2.0",
        "normalize-package-data": "2.4.0",
        "object-assign": "4.1.1",
        "read-pkg-up": "1.0.1",
        "redent": "1.0.0",
        "trim-newlines": "1.0.0"
      }
    },
    "minimatch": {
      "version": "3.0.4",
      "resolved": "https://registry.npmjs.org/minimatch/-/minimatch-3.0.4.tgz",
      "integrity": "sha512-yJHVQEhyqPLUTgt9B83PXu6W3rx4MvvHvSUvToogpwoGDOUQ+yDrR0HRot+yOCdCO7u4hX3pWft6kWBBcqh0UA==",
      "requires": {
        "brace-expansion": "1.1.8"
      }
    },
    "minimist": {
      "version": "1.2.0",
      "resolved": "https://registry.npmjs.org/minimist/-/minimist-1.2.0.tgz",
      "integrity": "sha1-o1AIsg9BOD7sH7kU9M1d95omQoQ="
    },
    "mkdirp": {
      "version": "0.5.1",
      "resolved": "https://registry.npmjs.org/mkdirp/-/mkdirp-0.5.1.tgz",
      "integrity": "sha1-MAV0OOrGz3+MR2fzhkjWaX11yQM=",
      "requires": {
        "minimist": "0.0.8"
      },
      "dependencies": {
        "minimist": {
          "version": "0.0.8",
          "resolved": "https://registry.npmjs.org/minimist/-/minimist-0.0.8.tgz",
          "integrity": "sha1-hX/Kv8M5fSYluCKCYuhqp6ARsF0="
        }
      }
    },
    "moment": {
      "version": "2.18.1",
      "resolved": "https://registry.npmjs.org/moment/-/moment-2.18.1.tgz",
      "integrity": "sha1-w2GT3Tzhwu7SrbfIAtu8d6gbHA8="
    },
    "native-promise-only": {
      "version": "0.8.1",
      "resolved": "https://registry.npmjs.org/native-promise-only/-/native-promise-only-0.8.1.tgz",
      "integrity": "sha1-IKMYwwy0X3H+et+/eyHJnBRy7xE="
    },
    "normalize-package-data": {
      "version": "2.4.0",
      "resolved": "https://registry.npmjs.org/normalize-package-data/-/normalize-package-data-2.4.0.tgz",
      "integrity": "sha512-9jjUFbTPfEy3R/ad/2oNbKtW9Hgovl5O1FvFWKkKblNXoN/Oou6+9+KKohPK13Yc3/TyunyWhJp6gvRNR/PPAw==",
      "requires": {
        "hosted-git-info": "2.5.0",
        "is-builtin-module": "1.0.0",
        "semver": "5.4.1",
        "validate-npm-package-license": "3.0.1"
      }
    },
    "number-is-nan": {
      "version": "1.0.1",
      "resolved": "https://registry.npmjs.org/number-is-nan/-/number-is-nan-1.0.1.tgz",
      "integrity": "sha1-CXtgK1NCKlIsGvuHkDGDNpQaAR0="
    },
    "object-assign": {
      "version": "4.1.1",
      "resolved": "https://registry.npmjs.org/object-assign/-/object-assign-4.1.1.tgz",
      "integrity": "sha1-IQmtx5ZYh8/AXLvUQsrIv7s2CGM="
    },
    "once": {
      "version": "1.4.0",
      "resolved": "https://registry.npmjs.org/once/-/once-1.4.0.tgz",
      "integrity": "sha1-WDsap3WWHUsROsF9nFC6753Xa9E=",
      "requires": {
        "wrappy": "1.0.2"
      }
    },
    "os-locale": {
      "version": "1.4.0",
      "resolved": "https://registry.npmjs.org/os-locale/-/os-locale-1.4.0.tgz",
      "integrity": "sha1-IPnxeuKe00XoveWDsT0gCYA8FNk=",
      "requires": {
        "lcid": "1.0.0"
      }
    },
    "parent-require": {
      "version": "1.0.0",
      "resolved": "https://registry.npmjs.org/parent-require/-/parent-require-1.0.0.tgz",
      "integrity": "sha1-dGoWdjgIOoYLDu9nMssn7UbDKXc="
    },
    "parse-dir": {
      "version": "2.0.0",
      "resolved": "https://registry.npmjs.org/parse-dir/-/parse-dir-2.0.0.tgz",
      "integrity": "sha1-fRXEQsEcUJtgvwJFcQHiT/uzFh4=",
      "requires": {
        "async": "2.5.0",
        "glob": "7.1.2",
        "js-yaml": "3.10.0"
      }
    },
    "parse-json": {
      "version": "2.2.0",
      "resolved": "https://registry.npmjs.org/parse-json/-/parse-json-2.2.0.tgz",
      "integrity": "sha1-9ID0BDTvgHQfhGkJn43qGPVaTck=",
      "requires": {
        "error-ex": "1.3.1"
      }
    },
    "path-exists": {
      "version": "2.1.0",
      "resolved": "https://registry.npmjs.org/path-exists/-/path-exists-2.1.0.tgz",
      "integrity": "sha1-D+tsZPD8UY2adU3V77YscCJ2H0s=",
      "requires": {
        "pinkie-promise": "2.0.1"
      }
    },
    "path-is-absolute": {
      "version": "1.0.1",
      "resolved": "https://registry.npmjs.org/path-is-absolute/-/path-is-absolute-1.0.1.tgz",
      "integrity": "sha1-F0uSaHNVNP+8es5r9TpanhtcX18="
    },
    "path-type": {
      "version": "1.1.0",
      "resolved": "https://registry.npmjs.org/path-type/-/path-type-1.1.0.tgz",
      "integrity": "sha1-WcRPfuSR2nBNpBXaWkBwuk+P5EE=",
      "requires": {
        "graceful-fs": "4.1.11",
        "pify": "2.3.0",
        "pinkie-promise": "2.0.1"
      }
    },
    "pify": {
      "version": "2.3.0",
      "resolved": "https://registry.npmjs.org/pify/-/pify-2.3.0.tgz",
      "integrity": "sha1-7RQaasBDqEnqWISY59yosVMw6Qw="
    },
    "pinkie": {
      "version": "2.0.4",
      "resolved": "https://registry.npmjs.org/pinkie/-/pinkie-2.0.4.tgz",
      "integrity": "sha1-clVrgM+g1IqXToDnckjoDtT3+HA="
    },
    "pinkie-promise": {
      "version": "2.0.1",
      "resolved": "https://registry.npmjs.org/pinkie-promise/-/pinkie-promise-2.0.1.tgz",
      "integrity": "sha1-ITXW36ejWMBprJsXh3YogihFD/o=",
      "requires": {
        "pinkie": "2.0.4"
      }
    },
    "purdy": {
      "version": "2.2.0",
      "resolved": "https://registry.npmjs.org/purdy/-/purdy-2.2.0.tgz",
      "integrity": "sha1-rXS+VLDosQjRB6p8v7oqONJBaLY=",
      "requires": {
        "chalk": "0.4.0",
        "hoek": "2.16.3",
        "joi": "6.10.1"
      },
      "dependencies": {
        "ansi-styles": {
          "version": "1.0.0",
          "resolved": "https://registry.npmjs.org/ansi-styles/-/ansi-styles-1.0.0.tgz",
          "integrity": "sha1-yxAt8cVvUSPquLZ817mAJ6AnkXg="
        },
        "chalk": {
          "version": "0.4.0",
          "resolved": "https://registry.npmjs.org/chalk/-/chalk-0.4.0.tgz",
          "integrity": "sha1-UZmj3c0MHv4jvAjBsCewYXbgxk8=",
          "requires": {
            "ansi-styles": "1.0.0",
            "has-color": "0.1.7",
            "strip-ansi": "0.1.1"
          }
        },
        "hoek": {
          "version": "2.16.3",
          "resolved": "https://registry.npmjs.org/hoek/-/hoek-2.16.3.tgz",
          "integrity": "sha1-ILt0A9POo5jpHcRxCo/xuCdKJe0="
        },
        "strip-ansi": {
          "version": "0.1.1",
          "resolved": "https://registry.npmjs.org/strip-ansi/-/strip-ansi-0.1.1.tgz",
          "integrity": "sha1-OeipjQRNFQZgq+SmgIrPcLt7yZE="
        }
      }
    },
    "read-pkg": {
      "version": "1.1.0",
      "resolved": "https://registry.npmjs.org/read-pkg/-/read-pkg-1.1.0.tgz",
      "integrity": "sha1-9f+qXs0pyzHAR0vKfXVra7KePyg=",
      "requires": {
        "load-json-file": "1.1.0",
        "normalize-package-data": "2.4.0",
        "path-type": "1.1.0"
      }
    },
    "read-pkg-up": {
      "version": "1.0.1",
      "resolved": "https://registry.npmjs.org/read-pkg-up/-/read-pkg-up-1.0.1.tgz",
      "integrity": "sha1-nWPBMnbAZZGNV/ACpX9AobZD+wI=",
      "requires": {
        "find-up": "1.1.2",
        "read-pkg": "1.1.0"
      }
    },
    "redent": {
      "version": "1.0.0",
      "resolved": "https://registry.npmjs.org/redent/-/redent-1.0.0.tgz",
      "integrity": "sha1-z5Fqsf1fHxbfsggi3W7H9zDCr94=",
      "requires": {
        "indent-string": "2.1.0",
        "strip-indent": "1.0.1"
      }
    },
    "repeating": {
      "version": "3.0.0",
      "resolved": "https://registry.npmjs.org/repeating/-/repeating-3.0.0.tgz",
      "integrity": "sha1-9MN2/dIBV2H2+W9DA7EiTVgegC8="
    },
    "require-directory": {
      "version": "2.1.1",
      "resolved": "https://registry.npmjs.org/require-directory/-/require-directory-2.1.1.tgz",
      "integrity": "sha1-jGStX9MNqxyXbiNE/+f3kqam30I="
    },
    "require-main-filename": {
      "version": "1.0.1",
      "resolved": "https://registry.npmjs.org/require-main-filename/-/require-main-filename-1.0.1.tgz",
      "integrity": "sha1-l/cXtp1IeE9fUmpsWqj/3aBVpNE="
    },
    "runtask": {
      "version": "0.0.5",
      "resolved": "https://registry.npmjs.org/runtask/-/runtask-0.0.5.tgz",
      "integrity": "sha1-yBCiZj3hYu/lPoO+ZUaXVR7Gb7E=",
      "requires": {
        "async": "2.5.0"
      }
    },
    "semver": {
      "version": "5.4.1",
      "resolved": "https://registry.npmjs.org/semver/-/semver-5.4.1.tgz",
      "integrity": "sha512-WfG/X9+oATh81XtllIo/I8gOiY9EXRdv1cQdyykeXK17YcUW3EXUAi2To4pcH6nZtJPr7ZOpM5OMyWJZm+8Rsg=="
    },
    "set-blocking": {
      "version": "2.0.0",
      "resolved": "https://registry.npmjs.org/set-blocking/-/set-blocking-2.0.0.tgz",
      "integrity": "sha1-BF+XgtARrppoA93TgrJDkrPYkPc="
    },
    "signal-exit": {
      "version": "3.0.2",
      "resolved": "https://registry.npmjs.org/signal-exit/-/signal-exit-3.0.2.tgz",
      "integrity": "sha1-tf3AjxKH6hF4Yo5BXiUTK3NkbG0="
    },
    "spdx-correct": {
      "version": "1.0.2",
      "resolved": "https://registry.npmjs.org/spdx-correct/-/spdx-correct-1.0.2.tgz",
      "integrity": "sha1-SzBz2TP/UfORLwOsVRlJikFQ20A=",
      "requires": {
        "spdx-license-ids": "1.2.2"
      }
    },
    "spdx-expression-parse": {
      "version": "1.0.4",
      "resolved": "https://registry.npmjs.org/spdx-expression-parse/-/spdx-expression-parse-1.0.4.tgz",
      "integrity": "sha1-m98vIOH0DtRH++JzJmGR/O1RYmw="
    },
    "spdx-license-ids": {
      "version": "1.2.2",
      "resolved": "https://registry.npmjs.org/spdx-license-ids/-/spdx-license-ids-1.2.2.tgz",
      "integrity": "sha1-yd96NCRZSt5r0RkA1ZZpbcBrrFc="
    },
    "sprintf-js": {
      "version": "1.0.3",
      "resolved": "https://registry.npmjs.org/sprintf-js/-/sprintf-js-1.0.3.tgz",
      "integrity": "sha1-BOaSb2YolTVPPdAVIDYzuFcpfiw="
    },
    "string-width": {
      "version": "2.1.1",
      "resolved": "https://registry.npmjs.org/string-width/-/string-width-2.1.1.tgz",
      "integrity": "sha512-nOqH59deCq9SRHlxq1Aw85Jnt4w6KvLKqWVik6oA9ZklXLNIOlqg4F2yrT1MVaTjAqvVwdfeZ7w7aCvJD7ugkw==",
      "requires": {
        "is-fullwidth-code-point": "2.0.0",
        "strip-ansi": "4.0.0"
      },
      "dependencies": {
        "ansi-regex": {
          "version": "3.0.0",
          "resolved": "https://registry.npmjs.org/ansi-regex/-/ansi-regex-3.0.0.tgz",
          "integrity": "sha1-7QMXwyIGT3lGbAKWa922Bas32Zg="
        },
        "strip-ansi": {
          "version": "4.0.0",
          "resolved": "https://registry.npmjs.org/strip-ansi/-/strip-ansi-4.0.0.tgz",
          "integrity": "sha1-qEeQIusaw2iocTibY1JixQXuNo8=",
          "requires": {
            "ansi-regex": "3.0.0"
          }
        }
      }
    },
    "strip-ansi": {
      "version": "3.0.1",
      "resolved": "https://registry.npmjs.org/strip-ansi/-/strip-ansi-3.0.1.tgz",
      "integrity": "sha1-ajhfuIU9lS1f8F0Oiq+UJ43GPc8=",
      "requires": {
        "ansi-regex": "2.1.1"
      }
    },
    "strip-bom": {
      "version": "2.0.0",
      "resolved": "https://registry.npmjs.org/strip-bom/-/strip-bom-2.0.0.tgz",
      "integrity": "sha1-YhmoVhZSBJHzV4i9vxRHqZx+aw4=",
      "requires": {
        "is-utf8": "0.2.1"
      }
    },
    "strip-indent": {
      "version": "1.0.1",
      "resolved": "https://registry.npmjs.org/strip-indent/-/strip-indent-1.0.1.tgz",
      "integrity": "sha1-DHlipq3vp7vUrDZkYKY4VSrhoKI=",
      "requires": {
        "get-stdin": "4.0.1"
      }
    },
    "supports-color": {
      "version": "2.0.0",
      "resolved": "https://registry.npmjs.org/supports-color/-/supports-color-2.0.0.tgz",
      "integrity": "sha1-U10EXOa2Nj+kARcIRimZXp3zJMc="
    },
    "taskkit": {
      "version": "2.0.3",
      "resolved": "https://registry.npmjs.org/taskkit/-/taskkit-2.0.3.tgz",
      "integrity": "sha512-V0mtcLv6muPk5j5sbz+K/IiXzUpjwXIpmq+MM/laWhzzjCRtPvcUmJKKYQ8B7HIuNB+i+AeKzaKSS1PdFXhTDA==",
      "requires": {
        "async": "2.5.0",
        "confi": "6.1.1",
        "logr": "2.4.0",
        "logr-cli-fancy": "0.2.0",
        "logr-reporter-bell": "0.0.1",
        "parent-require": "1.0.0",
        "purdy": "2.2.0",
        "runtask": "0.0.5",
        "taskkit-task": "1.0.2",
        "yargs": "6.6.0"
      }
    },
    "taskkit-task": {
      "version": "1.0.2",
      "resolved": "https://registry.npmjs.org/taskkit-task/-/taskkit-task-1.0.2.tgz",
      "integrity": "sha512-MrbMLq/11BKKYI5X0+/s+UDF8xzpD3CgOQz8LrPohYqr6jmMggRr0NcXJq6ecfaMiJwP52pv+Hht+KyBJzGnrQ==",
      "requires": {
        "async": "2.1.4",
        "aug": "https://registry.npmjs.org/aug/-/aug-1.0.2.tgz",
        "bytesize": "0.2.0",
        "logr": "2.4.0",
        "logr-cli-fancy": "0.2.0",
        "logr-reporter-bell": "0.0.1",
        "mkdirp": "0.5.1",
        "threads": "0.7.3"
      },
      "dependencies": {
        "async": {
          "version": "2.1.4",
          "resolved": "https://registry.npmjs.org/async/-/async-2.1.4.tgz",
          "integrity": "sha1-LSFgx3iAMuTdbL4lAvH5osj2zeQ=",
          "requires": {
            "lodash": "4.17.4"
          }
        }
      }
    },
    "text-table": {
      "version": "0.2.0",
      "resolved": "https://registry.npmjs.org/text-table/-/text-table-0.2.0.tgz",
      "integrity": "sha1-f17oI66AUgfACvLfSoTsP8+lcLQ="
    },
    "threads": {
      "version": "0.7.3",
      "resolved": "https://registry.npmjs.org/threads/-/threads-0.7.3.tgz",
      "integrity": "sha1-69Awk6PtgwGFuRZgb6RvkyJJsk0=",
      "requires": {
        "eventemitter3": "2.0.3",
        "native-promise-only": "0.8.1"
      }
    },
    "tinybounce": {
      "version": "https://registry.npmjs.org/tinybounce/-/tinybounce-0.0.1.tgz",
      "integrity": "sha1-scedtwr66HSVCkNokZHvIOWKMzs=",
      "dev": true
    },
    "topo": {
      "version": "1.1.0",
      "resolved": "https://registry.npmjs.org/topo/-/topo-1.1.0.tgz",
      "integrity": "sha1-6ddRYV0buH3IZdsYL6HKCl71NtU=",
      "requires": {
        "hoek": "2.16.3"
      },
      "dependencies": {
        "hoek": {
          "version": "2.16.3",
          "resolved": "https://registry.npmjs.org/hoek/-/hoek-2.16.3.tgz",
          "integrity": "sha1-ILt0A9POo5jpHcRxCo/xuCdKJe0="
        }
      }
    },
    "traverse": {
      "version": "0.6.6",
      "resolved": "https://registry.npmjs.org/traverse/-/traverse-0.6.6.tgz",
      "integrity": "sha1-y99WD9e5r2MlAv7UD5GMFX6pcTc="
    },
    "trim-newlines": {
      "version": "1.0.0",
      "resolved": "https://registry.npmjs.org/trim-newlines/-/trim-newlines-1.0.0.tgz",
      "integrity": "sha1-WIeWa7WCpFA6QetST301ARgVphM="
    },
    "tsml": {
      "version": "1.0.1",
      "resolved": "https://registry.npmjs.org/tsml/-/tsml-1.0.1.tgz",
      "integrity": "sha1-ifghi52eJX9H1/a1bQHFpNLGj8M="
    },
    "validate-npm-package-license": {
      "version": "3.0.1",
      "resolved": "https://registry.npmjs.org/validate-npm-package-license/-/validate-npm-package-license-3.0.1.tgz",
      "integrity": "sha1-KAS6vnEq0zeUWaz74kdGqywwP7w=",
      "requires": {
        "spdx-correct": "1.0.2",
        "spdx-expression-parse": "1.0.4"
      }
    },
    "varson": {
      "version": "0.5.3",
      "resolved": "https://registry.npmjs.org/varson/-/varson-0.5.3.tgz",
      "integrity": "sha1-TqqitTDTxIjU1XWsEYIYXz9WElo=",
      "requires": {
        "lodash": "4.17.4",
        "traverse": "0.6.6"
      }
    },
    "which-module": {
      "version": "1.0.0",
      "resolved": "https://registry.npmjs.org/which-module/-/which-module-1.0.0.tgz",
      "integrity": "sha1-u6Y8qGGUiZT/MHc2CJ47lgJsKk8="
    },
    "wrap-ansi": {
      "version": "2.1.0",
      "resolved": "https://registry.npmjs.org/wrap-ansi/-/wrap-ansi-2.1.0.tgz",
      "integrity": "sha1-2Pw9KE3QV5T+hJc8rs3Rz4JP3YU=",
      "requires": {
        "string-width": "1.0.2",
        "strip-ansi": "3.0.1"
      },
      "dependencies": {
        "is-fullwidth-code-point": {
          "version": "1.0.0",
          "resolved": "https://registry.npmjs.org/is-fullwidth-code-point/-/is-fullwidth-code-point-1.0.0.tgz",
          "integrity": "sha1-754xOG8DGn8NZDr4L95QxFfvAMs=",
          "requires": {
            "number-is-nan": "1.0.1"
          }
        },
        "string-width": {
          "version": "1.0.2",
          "resolved": "https://registry.npmjs.org/string-width/-/string-width-1.0.2.tgz",
          "integrity": "sha1-EYvfW4zcUaKn5w0hHgfisLmxB9M=",
          "requires": {
            "code-point-at": "1.1.0",
            "is-fullwidth-code-point": "1.0.0",
            "strip-ansi": "3.0.1"
          }
        }
      }
    },
    "wrappy": {
      "version": "1.0.2",
      "resolved": "https://registry.npmjs.org/wrappy/-/wrappy-1.0.2.tgz",
      "integrity": "sha1-tSQ9jz7BqjXxNkYFvA0QNuMKtp8="
    },
    "wreck": {
      "version": "12.5.0",
      "resolved": "https://registry.npmjs.org/wreck/-/wreck-12.5.0.tgz",
      "integrity": "sha512-O2wljTGaQhlhhNLrpTDCecBw/Oa4aeUZ77ql2bOudD/phlHRJDT7ksoz9nFOX7eyLDkCG/QT5eH4FGTA34CHNw==",
      "requires": {
        "boom": "5.2.0",
        "hoek": "4.2.0"
      }
    },
    "y18n": {
      "version": "3.2.1",
      "resolved": "https://registry.npmjs.org/y18n/-/y18n-3.2.1.tgz",
      "integrity": "sha1-bRX7qITAhnnA136I53WegR4H+kE="
    },
    "yargs": {
      "version": "6.6.0",
      "resolved": "https://registry.npmjs.org/yargs/-/yargs-6.6.0.tgz",
      "integrity": "sha1-eC7CHvQDNF+DCoCMo9UTr1YGUgg=",
      "requires": {
        "camelcase": "3.0.0",
        "cliui": "3.2.0",
        "decamelize": "1.2.0",
        "get-caller-file": "1.0.2",
        "os-locale": "1.4.0",
        "read-pkg-up": "1.0.1",
        "require-directory": "2.1.1",
        "require-main-filename": "1.0.1",
        "set-blocking": "2.0.0",
        "string-width": "1.0.2",
        "which-module": "1.0.0",
        "y18n": "3.2.1",
        "yargs-parser": "4.2.1"
      },
      "dependencies": {
        "camelcase": {
          "version": "3.0.0",
          "resolved": "https://registry.npmjs.org/camelcase/-/camelcase-3.0.0.tgz",
          "integrity": "sha1-MvxLn82vhF/N9+c7uXysImHwqwo="
        },
        "is-fullwidth-code-point": {
          "version": "1.0.0",
          "resolved": "https://registry.npmjs.org/is-fullwidth-code-point/-/is-fullwidth-code-point-1.0.0.tgz",
          "integrity": "sha1-754xOG8DGn8NZDr4L95QxFfvAMs=",
          "requires": {
            "number-is-nan": "1.0.1"
          }
        },
        "string-width": {
          "version": "1.0.2",
          "resolved": "https://registry.npmjs.org/string-width/-/string-width-1.0.2.tgz",
          "integrity": "sha1-EYvfW4zcUaKn5w0hHgfisLmxB9M=",
          "requires": {
            "code-point-at": "1.1.0",
            "is-fullwidth-code-point": "1.0.0",
            "strip-ansi": "3.0.1"
          }
        }
      }
    },
    "yargs-parser": {
      "version": "4.2.1",
      "resolved": "https://registry.npmjs.org/yargs-parser/-/yargs-parser-4.2.1.tgz",
      "integrity": "sha1-KczqwNxPA8bIe0qfIX3RjJ90hxw=",
      "requires": {
        "camelcase": "3.0.0"
      },
      "dependencies": {
        "camelcase": {
          "version": "3.0.0",
          "resolved": "https://registry.npmjs.org/camelcase/-/camelcase-3.0.0.tgz",
          "integrity": "sha1-MvxLn82vhF/N9+c7uXysImHwqwo="
        }
      }
    }
  }
}
